
Microsoft Visual Studio Solution File, Format Version 12.00
# Visual Studio Version 16
VisualStudioVersion = 16.0.30523.141
MinimumVisualStudioVersion = 10.0.40219.1
Project("{FAE04EC0-301F-11D3-BF4B-00C04F79EFBC}") = "ThreadPractice2", "ThreadPractice2\ThreadPractice2.csproj", "{C2C1208B-D921-4DD8-9499-762408B557CB}"
EndProject
Global
	GlobalSection(SolutionConfigurationPlatforms) = preSolution
		Debug|Any CPU = Debug|Any CPU
		Release|Any CPU = Release|Any CPU
	EndGlobalSection
	GlobalSection(ProjectConfigurationPlatforms) = postSolution
		{C2C1208B-D921-4DD8-9499-762408B557CB}.Debug|Any CPU.ActiveCfg = Debug|Any CPU
		{C2C1208B-D921-4DD8-9499-762408B557CB}.Debug|Any CPU.Build.0 = Debug|Any CPU
		{C2C1208B-D921-4DD8-9499-762408B557CB}.Release|Any CPU.ActiveCfg = Release|Any CPU
		{C2C1208B-D921-4DD8-9499-762408B557CB}.Release|Any CPU.Build.0 = Release|Any CPU
	EndGlobalSection
	GlobalSection(SolutionProperties) = preSolution
		HideSolutionNode = FALSE
	EndGlobalSection
	GlobalSection(ExtensibilityGlobals) = postSolution
		SolutionGuid = {EBB86C25-A625-48DA-B096-E2F205979C4C}
	EndGlobalSection
EndGlobal
